// !$*UTF8*$!
{
	archiveVersion = 1;
	classes = {
	};
	objectVersion = 56;
	objects = {

/* Begin PBXBuildFile section */
		6F1557172B18C2B1002BDEAB /* SmoothieView.swift in Sources */ = {isa = PBXBuildFile; fileRef = 6F1557162B18C2B0002BDEAB /* SmoothieView.swift */; };
		6F1557192B1DFFFF002BDEAB /* DetailedSmoothiesPage.swift in Sources */ = {isa = PBXBuildFile; fileRef = 6F1557182B1DFFFF002BDEAB /* DetailedSmoothiesPage.swift */; };
		6FA931C82B0A421200F81D42 /* SampleApp.swift in Sources */ = {isa = PBXBuildFile; fileRef = 6FA931C72B0A421200F81D42 /* SampleApp.swift */; };
		6FA931CA2B0A421200F81D42 /* TopPage.swift in Sources */ = {isa = PBXBuildFile; fileRef = 6FA931C92B0A421200F81D42 /* TopPage.swift */; };
		6FA931CC2B0A421300F81D42 /* Assets.xcassets in Resources */ = {isa = PBXBuildFile; fileRef = 6FA931CB2B0A421300F81D42 /* Assets.xcassets */; };
		6FA931CF2B0A421300F81D42 /* Preview Assets.xcassets in Resources */ = {isa = PBXBuildFile; fileRef = 6FA931CE2B0A421300F81D42 /* Preview Assets.xcassets */; };
		6FA931D72B0CFCD900F81D42 /* Smoothie.swift in Sources */ = {isa = PBXBuildFile; fileRef = 6FA931D62B0CFCD900F81D42 /* Smoothie.swift */; };
		6FA931DA2B0DC70900F81D42 /* LoadState.swift in Sources */ = {isa = PBXBuildFile; fileRef = 6FA931D92B0DC70900F81D42 /* LoadState.swift */; };
		6FA931DD2B0DC81700F81D42 /* SmoothiesState.swift in Sources */ = {isa = PBXBuildFile; fileRef = 6FA931DC2B0DC81700F81D42 /* SmoothiesState.swift */; };
		6FA931E02B0DCD7F00F81D42 /* SmoothieDataSource.swift in Sources */ = {isa = PBXBuildFile; fileRef = 6FA931DF2B0DCD7F00F81D42 /* SmoothieDataSource.swift */; };
/* End PBXBuildFile section */

/* Begin PBXFileReference section */
		6F1557162B18C2B0002BDEAB /* SmoothieView.swift */ = {isa = PBXFileReference; lastKnownFileType = sourcecode.swift; path = SmoothieView.swift; sourceTree = "<group>"; };
		6F1557182B1DFFFF002BDEAB /* DetailedSmoothiesPage.swift */ = {isa = PBXFileReference; lastKnownFileType = sourcecode.swift; path = DetailedSmoothiesPage.swift; sourceTree = "<group>"; };
		6FA931C42B0A421200F81D42 /* custom_style_sample.app */ = {isa = PBXFileReference; explicitFileType = wrapper.application; includeInIndex = 0; path = custom_style_sample.app; sourceTree = BUILT_PRODUCTS_DIR; };
		6FA931C72B0A421200F81D42 /* SampleApp.swift */ = {isa = PBXFileReference; lastKnownFileType = sourcecode.swift; path = SampleApp.swift; sourceTree = "<group>"; };
		6FA931C92B0A421200F81D42 /* TopPage.swift */ = {isa = PBXFileReference; lastKnownFileType = sourcecode.swift; path = TopPage.swift; sourceTree = "<group>"; };
		6FA931CB2B0A421300F81D42 /* Assets.xcassets */ = {isa = PBXFileReference; lastKnownFileType = folder.assetcatalog; path = Assets.xcassets; sourceTree = "<group>"; };
		6FA931CE2B0A421300F81D42 /* Preview Assets.xcassets */ = {isa = PBXFileReference; lastKnownFileType = folder.assetcatalog; path = "Preview Assets.xcassets"; sourceTree = "<group>"; };
		6FA931D02B0A421300F81D42 /* custom_style_sample.entitlements */ = {isa = PBXFileReference; lastKnownFileType = text.plist.entitlements; path = custom_style_sample.entitlements; sourceTree = "<group>"; };
		6FA931D62B0CFCD900F81D42 /* Smoothie.swift */ = {isa = PBXFileReference; lastKnownFileType = sourcecode.swift; path = Smoothie.swift; sourceTree = "<group>"; };
		6FA931D92B0DC70900F81D42 /* LoadState.swift */ = {isa = PBXFileReference; lastKnownFileType = sourcecode.swift; path = LoadState.swift; sourceTree = "<group>"; };
		6FA931DC2B0DC81700F81D42 /* SmoothiesState.swift */ = {isa = PBXFileReference; lastKnownFileType = sourcecode.swift; path = SmoothiesState.swift; sourceTree = "<group>"; };
		6FA931DF2B0DCD7F00F81D42 /* SmoothieDataSource.swift */ = {isa = PBXFileReference; lastKnownFileType = sourcecode.swift; path = SmoothieDataSource.swift; sourceTree = "<group>"; };
/* End PBXFileReference section */

/* Begin PBXFrameworksBuildPhase section */
		6FA931C12B0A421200F81D42 /* Frameworks */ = {
			isa = PBXFrameworksBuildPhase;
			buildActionMask = 2147483647;
			files = (
			);
			runOnlyForDeploymentPostprocessing = 0;
		};
/* End PBXFrameworksBuildPhase section */

/* Begin PBXGroup section */
		6F1557152B18C285002BDEAB /* SharedComponents */ = {
			isa = PBXGroup;
			children = (
				6F1557162B18C2B0002BDEAB /* SmoothieView.swift */,
			);
			path = SharedComponents;
			sourceTree = "<group>";
		};
		6F15571A2B1E02EA002BDEAB /* Pages */ = {
			isa = PBXGroup;
			children = (
				6FA931C92B0A421200F81D42 /* TopPage.swift */,
				6F1557182B1DFFFF002BDEAB /* DetailedSmoothiesPage.swift */,
			);
			path = Pages;
			sourceTree = "<group>";
		};
		6FA931BB2B0A421200F81D42 = {
			isa = PBXGroup;
			children = (
				6FA931C62B0A421200F81D42 /* custom_style_sample */,
				6FA931C52B0A421200F81D42 /* Products */,
			);
			sourceTree = "<group>";
		};
		6FA931C52B0A421200F81D42 /* Products */ = {
			isa = PBXGroup;
			children = (
				6FA931C42B0A421200F81D42 /* custom_style_sample.app */,
			);
			name = Products;
			sourceTree = "<group>";
		};
		6FA931C62B0A421200F81D42 /* custom_style_sample */ = {
			isa = PBXGroup;
			children = (
				6F15571A2B1E02EA002BDEAB /* Pages */,
				6F1557152B18C285002BDEAB /* SharedComponents */,
				6FA931DE2B0DCD3500F81D42 /* DataSource */,
				6FA931DB2B0DC80500F81D42 /* DataStore */,
				6FA931D82B0DC6FA00F81D42 /* Models */,
				6FA931C72B0A421200F81D42 /* SampleApp.swift */,
				6FA931CB2B0A421300F81D42 /* Assets.xcassets */,
				6FA931D02B0A421300F81D42 /* custom_style_sample.entitlements */,
				6FA931CD2B0A421300F81D42 /* Preview Content */,
			);
			path = custom_style_sample;
			sourceTree = "<group>";
		};
		6FA931CD2B0A421300F81D42 /* Preview Content */ = {
			isa = PBXGroup;
			children = (
				6FA931CE2B0A421300F81D42 /* Preview Assets.xcassets */,
			);
			path = "Preview Content";
			sourceTree = "<group>";
		};
		6FA931D82B0DC6FA00F81D42 /* Models */ = {
			isa = PBXGroup;
			children = (
				6FA931D62B0CFCD900F81D42 /* Smoothie.swift */,
				6FA931D92B0DC70900F81D42 /* LoadState.swift */,
			);
			path = Models;
			sourceTree = "<group>";
		};
		6FA931DB2B0DC80500F81D42 /* DataStore */ = {
			isa = PBXGroup;
			children = (
				6FA931DC2B0DC81700F81D42 /* SmoothiesState.swift */,
			);
			path = DataStore;
			sourceTree = "<group>";
		};
		6FA931DE2B0DCD3500F81D42 /* DataSource */ = {
			isa = PBXGroup;
			children = (
				6FA931DF2B0DCD7F00F81D42 /* SmoothieDataSource.swift */,
			);
			path = DataSource;
			sourceTree = "<group>";
		};
/* End PBXGroup section */

/* Begin PBXNativeTarget section */
		6FA931C32B0A421200F81D42 /* custom_style_sample */ = {
			isa = PBXNativeTarget;
			buildConfigurationList = 6FA931D32B0A421300F81D42 /* Build configuration list for PBXNativeTarget "custom_style_sample" */;
			buildPhases = (
				6FA931C02B0A421200F81D42 /* Sources */,
				6FA931C12B0A421200F81D42 /* Frameworks */,
				6FA931C22B0A421200F81D42 /* Resources */,
			);
			buildRules = (
			);
			dependencies = (
			);
			name = custom_style_sample;
			productName = custom_style_sample;
			productReference = 6FA931C42B0A421200F81D42 /* custom_style_sample.app */;
			productType = "com.apple.product-type.application";
		};
/* End PBXNativeTarget section */

/* Begin PBXProject section */
		6FA931BC2B0A421200F81D42 /* Project object */ = {
			isa = PBXProject;
			attributes = {
				BuildIndependentTargetsInParallel = 1;
				LastSwiftUpdateCheck = 1500;
				LastUpgradeCheck = 1500;
				TargetAttributes = {
					6FA931C32B0A421200F81D42 = {
						CreatedOnToolsVersion = 15.0;
					};
				};
			};
			buildConfigurationList = 6FA931BF2B0A421200F81D42 /* Build configuration list for PBXProject "custom_style_sample" */;
			compatibilityVersion = "Xcode 14.0";
			developmentRegion = en;
			hasScannedForEncodings = 0;
			knownRegions = (
				en,
				Base,
			);
			mainGroup = 6FA931BB2B0A421200F81D42;
			productRefGroup = 6FA931C52B0A421200F81D42 /* Products */;
			projectDirPath = "";
			projectRoot = "";
			targets = (
				6FA931C32B0A421200F81D42 /* custom_style_sample */,
			);
		};
/* End PBXProject section */

/* Begin PBXResourcesBuildPhase section */
		6FA931C22B0A421200F81D42 /* Resources */ = {
			isa = PBXResourcesBuildPhase;
			buildActionMask = 2147483647;
			files = (
				6FA931CF2B0A421300F81D42 /* Preview Assets.xcassets in Resources */,
				6FA931CC2B0A421300F81D42 /* Assets.xcassets in Resources */,
			);
			runOnlyForDeploymentPostprocessing = 0;
		};
/* End PBXResourcesBuildPhase section */

/* Begin PBXSourcesBuildPhase section */
		6FA931C02B0A421200F81D42 /* Sources */ = {
			isa = PBXSourcesBuildPhase;
			buildActionMask = 2147483647;
			files = (
				6FA931E02B0DCD7F00F81D42 /* SmoothieDataSource.swift in Sources */,
				6FA931DD2B0DC81700F81D42 /* SmoothiesState.swift in Sources */,
				6F1557192B1DFFFF002BDEAB /* DetailedSmoothiesPage.swift in Sources */,
				6FA931D72B0CFCD900F81D42 /* Smoothie.swift in Sources */,
				6FA931CA2B0A421200F81D42 /* TopPage.swift in Sources */,
				6FA931C82B0A421200F81D42 /* SampleApp.swift in Sources */,
				6F1557172B18C2B1002BDEAB /* SmoothieView.swift in Sources */,
				6FA931DA2B0DC70900F81D42 /* LoadState.swift in Sources */,
			);
			runOnlyForDeploymentPostprocessing = 0;
		};
/* End PBXSourcesBuildPhase section */

/* Begin XCBuildConfiguration section */
		6FA931D12B0A421300F81D42 /* Debug */ = {
			isa = XCBuildConfiguration;
			buildSettings = {
				ALWAYS_SEARCH_USER_PATHS = NO;
				ASSETCATALOG_COMPILER_GENERATE_SWIFT_ASSET_SYMBOL_EXTENSIONS = YES;
				CLANG_ANALYZER_NONNULL = YES;
				CLANG_ANALYZER_NUMBER_OBJECT_CONVERSION = YES_AGGRESSIVE;
				CLANG_CXX_LANGUAGE_STANDARD = "gnu++20";
				CLANG_ENABLE_MODULES = YES;
				CLANG_ENABLE_OBJC_ARC = YES;
				CLANG_ENABLE_OBJC_WEAK = YES;
				CLANG_WARN_BLOCK_CAPTURE_AUTORELEASING = YES;
				CLANG_WARN_BOOL_CONVERSION = YES;
				CLANG_WARN_COMMA = YES;
				CLANG_WARN_CONSTANT_CONVERSION = YES;
				CLANG_WARN_DEPRECATED_OBJC_IMPLEMENTATIONS = YES;
				CLANG_WARN_DIRECT_OBJC_ISA_USAGE = YES_ERROR;
				CLANG_WARN_DOCUMENTATION_COMMENTS = YES;
				CLANG_WARN_EMPTY_BODY = YES;
				CLANG_WARN_ENUM_CONVERSION = YES;
				CLANG_WARN_INFINITE_RECURSION = YES;
				CLANG_WARN_INT_CONVERSION = YES;
				CLANG_WARN_NON_LITERAL_NULL_CONVERSION = YES;
				CLANG_WARN_OBJC_IMPLICIT_RETAIN_SELF = YES;
				CLANG_WARN_OBJC_LITERAL_CONVERSION = YES;
				CLANG_WARN_OBJC_ROOT_CLASS = YES_ERROR;
				CLANG_WARN_QUOTED_INCLUDE_IN_FRAMEWORK_HEADER = YES;
				CLANG_WARN_RANGE_LOOP_ANALYSIS = YES;
				CLANG_WARN_STRICT_PROTOTYPES = YES;
				CLANG_WARN_SUSPICIOUS_MOVE = YES;
				CLANG_WARN_UNGUARDED_AVAILABILITY = YES_AGGRESSIVE;
				CLANG_WARN_UNREACHABLE_CODE = YES;
				CLANG_WARN__DUPLICATE_METHOD_MATCH = YES;
				COPY_PHASE_STRIP = NO;
				DEBUG_INFORMATION_FORMAT = dwarf;
				ENABLE_STRICT_OBJC_MSGSEND = YES;
				ENABLE_TESTABILITY = YES;
				ENABLE_USER_SCRIPT_SANDBOXING = YES;
				GCC_C_LANGUAGE_STANDARD = gnu17;
				GCC_DYNAMIC_NO_PIC = NO;
				GCC_NO_COMMON_BLOCKS = YES;
				GCC_OPTIMIZATION_LEVEL = 0;
				GCC_PREPROCESSOR_DEFINITIONS = (
					"DEBUG=1",
					"$(inherited)",
				);
				GCC_WARN_64_TO_32_BIT_CONVERSION = YES;
				GCC_WARN_ABOUT_RETURN_TYPE = YES_ERROR;
				GCC_WARN_UNDECLARED_SELECTOR = YES;
				GCC_WARN_UNINITIALIZED_AUTOS = YES_AGGRESSIVE;
				GCC_WARN_UNUSED_FUNCTION = YES;
				GCC_WARN_UNUSED_VARIABLE = YES;
				IPHONEOS_DEPLOYMENT_TARGET = 17.0;
				LOCALIZATION_PREFERS_STRING_CATALOGS = YES;
				MACOSX_DEPLOYMENT_TARGET = 13.5;
				MTL_ENABLE_DEBUG_INFO = INCLUDE_SOURCE;
				MTL_FAST_MATH = YES;
				ONLY_ACTIVE_ARCH = YES;
				SDKROOT = macosx;
				SWIFT_ACTIVE_COMPILATION_CONDITIONS = "DEBUG $(inherited)";
				SWIFT_OPTIMIZATION_LEVEL = "-Onone";
			};
			name = Debug;
		};
		6FA931D22B0A421300F81D42 /* Release */ = {
			isa = XCBuildConfiguration;
			buildSettings = {
				ALWAYS_SEARCH_USER_PATHS = NO;
				ASSETCATALOG_COMPILER_GENERATE_SWIFT_ASSET_SYMBOL_EXTENSIONS = YES;
				CLANG_ANALYZER_NONNULL = YES;
				CLANG_ANALYZER_NUMBER_OBJECT_CONVERSION = YES_AGGRESSIVE;
				CLANG_CXX_LANGUAGE_STANDARD = "gnu++20";
				CLANG_ENABLE_MODULES = YES;
				CLANG_ENABLE_OBJC_ARC = YES;
				CLANG_ENABLE_OBJC_WEAK = YES;
				CLANG_WARN_BLOCK_CAPTURE_AUTORELEASING = YES;
				CLANG_WARN_BOOL_CONVERSION = YES;
				CLANG_WARN_COMMA = YES;
				CLANG_WARN_CONSTANT_CONVERSION = YES;
				CLANG_WARN_DEPRECATED_OBJC_IMPLEMENTATIONS = YES;
				CLANG_WARN_DIRECT_OBJC_ISA_USAGE = YES_ERROR;
				CLANG_WARN_DOCUMENTATION_COMMENTS = YES;
				CLANG_WARN_EMPTY_BODY = YES;
				CLANG_WARN_ENUM_CONVERSION = YES;
				CLANG_WARN_INFINITE_RECURSION = YES;
				CLANG_WARN_INT_CONVERSION = YES;
				CLANG_WARN_NON_LITERAL_NULL_CONVERSION = YES;
				CLANG_WARN_OBJC_IMPLICIT_RETAIN_SELF = YES;
				CLANG_WARN_OBJC_LITERAL_CONVERSION = YES;
				CLANG_WARN_OBJC_ROOT_CLASS = YES_ERROR;
				CLANG_WARN_QUOTED_INCLUDE_IN_FRAMEWORK_HEADER = YES;
				CLANG_WARN_RANGE_LOOP_ANALYSIS = YES;
				CLANG_WARN_STRICT_PROTOTYPES = YES;
				CLANG_WARN_SUSPICIOUS_MOVE = YES;
				CLANG_WARN_UNGUARDED_AVAILABILITY = YES_AGGRESSIVE;
				CLANG_WARN_UNREACHABLE_CODE = YES;
				CLANG_WARN__DUPLICATE_METHOD_MATCH = YES;
				COPY_PHASE_STRIP = NO;
				DEBUG_INFORMATION_FORMAT = "dwarf-with-dsym";
				ENABLE_NS_ASSERTIONS = NO;
				ENABLE_STRICT_OBJC_MSGSEND = YES;
				ENABLE_USER_SCRIPT_SANDBOXING = YES;
				GCC_C_LANGUAGE_STANDARD = gnu17;
				GCC_NO_COMMON_BLOCKS = YES;
				GCC_WARN_64_TO_32_BIT_CONVERSION = YES;
				GCC_WARN_ABOUT_RETURN_TYPE = YES_ERROR;
				GCC_WARN_UNDECLARED_SELECTOR = YES;
				GCC_WARN_UNINITIALIZED_AUTOS = YES_AGGRESSIVE;
				GCC_WARN_UNUSED_FUNCTION = YES;
				GCC_WARN_UNUSED_VARIABLE = YES;
				IPHONEOS_DEPLOYMENT_TARGET = 17.0;
				LOCALIZATION_PREFERS_STRING_CATALOGS = YES;
				MACOSX_DEPLOYMENT_TARGET = 13.5;
				MTL_ENABLE_DEBUG_INFO = NO;
				MTL_FAST_MATH = YES;
				SDKROOT = macosx;
				SWIFT_COMPILATION_MODE = wholemodule;
			};
			name = Release;
		};
		6FA931D42B0A421300F81D42 /* Debug */ = {
			isa = XCBuildConfiguration;
			buildSettings = {
				ASSETCATALOG_COMPILER_APPICON_NAME = AppIcon;
				ASSETCATALOG_COMPILER_GLOBAL_ACCENT_COLOR_NAME = AccentColor;
				CODE_SIGN_ENTITLEMENTS = custom_style_sample/custom_style_sample.entitlements;
				CODE_SIGN_STYLE = Automatic;
				COMBINE_HIDPI_IMAGES = YES;
				CURRENT_PROJECT_VERSION = 1;
				DEVELOPMENT_ASSET_PATHS = "\"custom_style_sample/Preview Content\"";
				ENABLE_PREVIEWS = YES;
				GENERATE_INFOPLIST_FILE = YES;
				INFOPLIST_KEY_NSHumanReadableCopyright = "";
				LD_RUNPATH_SEARCH_PATHS = (
					"$(inherited)",
					"@executable_path/../Frameworks",
				);
				MARKETING_VERSION = 1.0;
				PRODUCT_BUNDLE_IDENTIFIER = "com.ueshun.custom-style-sample";
				PRODUCT_NAME = "$(TARGET_NAME)";
				SUPPORTED_PLATFORMS = "iphoneos iphonesimulator macosx";
				SUPPORTS_MACCATALYST = NO;
				SWIFT_EMIT_LOC_STRINGS = YES;
				SWIFT_VERSION = 5.0;
				TARGETED_DEVICE_FAMILY = 1;
			};
			name = Debug;
		};
		6FA931D52B0A421300F81D42 /* Release */ = {
			isa = XCBuildConfiguration;
			buildSettings = {
				ASSETCATALOG_COMPILER_APPICON_NAME = AppIcon;
				ASSETCATALOG_COMPILER_GLOBAL_ACCENT_COLOR_NAME = AccentColor;
				CODE_SIGN_ENTITLEMENTS = custom_style_sample/custom_style_sample.entitlements;
				CODE_SIGN_STYLE = Automatic;
				COMBINE_HIDPI_IMAGES = YES;
				CURRENT_PROJECT_VERSION = 1;
				DEVELOPMENT_ASSET_PATHS = "\"custom_style_sample/Preview Content\"";
				ENABLE_PREVIEWS = YES;
				GENERATE_INFOPLIST_FILE = YES;
				INFOPLIST_KEY_NSHumanReadableCopyright = "";
				LD_RUNPATH_SEARCH_PATHS = (
					"$(inherited)",
					"@executable_path/../Frameworks",
				);
				MARKETING_VERSION = 1.0;
				PRODUCT_BUNDLE_IDENTIFIER = "com.ueshun.custom-style-sample";
				PRODUCT_NAME = "$(TARGET_NAME)";
				SUPPORTED_PLATFORMS = "iphoneos iphonesimulator macosx";
				SUPPORTS_MACCATALYST = NO;
				SWIFT_EMIT_LOC_STRINGS = YES;
				SWIFT_VERSION = 5.0;
				TARGETED_DEVICE_FAMILY = 1;
			};
			name = Release;
		};
/* End XCBuildConfiguration section */

/* Begin XCConfigurationList section */
		6FA931BF2B0A421200F81D42 /* Build configuration list for PBXProject "custom_style_sample" */ = {
			isa = XCConfigurationList;
			buildConfigurations = (
				6FA931D12B0A421300F81D42 /* Debug */,
				6FA931D22B0A421300F81D42 /* Release */,
			);
			defaultConfigurationIsVisible = 0;
			defaultConfigurationName = Release;
		};
		6FA931D32B0A421300F81D42 /* Build configuration list for PBXNativeTarget "custom_style_sample" */ = {
			isa = XCConfigurationList;
			buildConfigurations = (
				6FA931D42B0A421300F81D42 /* Debug */,
				6FA931D52B0A421300F81D42 /* Release */,
			);
			defaultConfigurationIsVisible = 0;
			defaultConfigurationName = Release;
		};
/* End XCConfigurationList section */
	};
	rootObject = 6FA931BC2B0A421200F81D42 /* Project object */;
}
